
Microsoft Visual Studio Solution File, Format Version 12.00
# Visual Studio 14
VisualStudioVersion = 14.0.23107.0
MinimumVisualStudioVersion = 10.0.40219.1
Project("{FAE04EC0-301F-11D3-BF4B-00C04F79EFBC}") = "MediSmartApi", "MediSmartApi\MediSmartApi.csproj", "{0B37795E-C673-4437-8B68-91E10C669E92}"
EndProject
Project("{FAE04EC0-301F-11D3-BF4B-00C04F79EFBC}") = "UserDataAccess", "UserDataAccess\UserDataAccess.csproj", "{105D191B-F856-4119-89F7-6BCA0F7AC0AA}"
EndProject
Global
	GlobalSection(SolutionConfigurationPlatforms) = preSolution
		Debug|Any CPU = Debug|Any CPU
		Release|Any CPU = Release|Any CPU
	EndGlobalSection
	GlobalSection(ProjectConfigurationPlatforms) = postSolution
		{0B37795E-C673-4437-8B68-91E10C669E92}.Debug|Any CPU.ActiveCfg = Debug|Any CPU
		{0B37795E-C673-4437-8B68-91E10C669E92}.Debug|Any CPU.Build.0 = Debug|Any CPU
		{0B37795E-C673-4437-8B68-91E10C669E92}.Release|Any CPU.ActiveCfg = Release|Any CPU
		{0B37795E-C673-4437-8B68-91E10C669E92}.Release|Any CPU.Build.0 = Release|Any CPU
		{105D191B-F856-4119-89F7-6BCA0F7AC0AA}.Debug|Any CPU.ActiveCfg = Debug|Any CPU
		{105D191B-F856-4119-89F7-6BCA0F7AC0AA}.Debug|Any CPU.Build.0 = Debug|Any CPU
		{105D191B-F856-4119-89F7-6BCA0F7AC0AA}.Release|Any CPU.ActiveCfg = Release|Any CPU
		{105D191B-F856-4119-89F7-6BCA0F7AC0AA}.Release|Any CPU.Build.0 = Release|Any CPU
	EndGlobalSection
	GlobalSection(SolutionProperties) = preSolution
		HideSolutionNode = FALSE
	EndGlobalSection
EndGlobal
